// !$*UTF8*$!
{
	archiveVersion = 1;
	classes = {
	};
	objectVersion = 50;
	objects = {

/* Begin PBXBuildFile section */
		3FE7C9BB24BE679C0016BD08 /* AppDelegate.swift in Sources */ = {isa = PBXBuildFile; fileRef = 3FE7C9BA24BE679C0016BD08 /* AppDelegate.swift */; };
		3FE7C9BD24BE679C0016BD08 /* SceneDelegate.swift in Sources */ = {isa = PBXBuildFile; fileRef = 3FE7C9BC24BE679C0016BD08 /* SceneDelegate.swift */; };
		3FE7C9BF24BE679C0016BD08 /* ListViewController.swift in Sources */ = {isa = PBXBuildFile; fileRef = 3FE7C9BE24BE679C0016BD08 /* ListViewController.swift */; };
		3FE7C9C224BE679C0016BD08 /* Main.storyboard in Resources */ = {isa = PBXBuildFile; fileRef = 3FE7C9C024BE679C0016BD08 /* Main.storyboard */; };
		3FE7C9C424BE679E0016BD08 /* Assets.xcassets in Resources */ = {isa = PBXBuildFile; fileRef = 3FE7C9C324BE679E0016BD08 /* Assets.xcassets */; };
		3FE7C9C724BE679E0016BD08 /* LaunchScreen.storyboard in Resources */ = {isa = PBXBuildFile; fileRef = 3FE7C9C524BE679E0016BD08 /* LaunchScreen.storyboard */; };
		3FE7C9CF24BE6B440016BD08 /* City.swift in Sources */ = {isa = PBXBuildFile; fileRef = 3FE7C9CE24BE6B440016BD08 /* City.swift */; };
		3FE7C9D124BE6BA40016BD08 /* ListViewModel.swift in Sources */ = {isa = PBXBuildFile; fileRef = 3FE7C9D024BE6BA40016BD08 /* ListViewModel.swift */; };
		3FE7C9D324BE6FC90016BD08 /* CitiesResponse.swift in Sources */ = {isa = PBXBuildFile; fileRef = 3FE7C9D224BE6FC90016BD08 /* CitiesResponse.swift */; };
		3FE7C9D724BE9B480016BD08 /* CityViewController.swift in Sources */ = {isa = PBXBuildFile; fileRef = 3FE7C9D624BE9B480016BD08 /* CityViewController.swift */; };
/* End PBXBuildFile section */

/* Begin PBXFileReference section */
		3FE7C9B724BE679C0016BD08 /* SuperbWeather.app */ = {isa = PBXFileReference; explicitFileType = wrapper.application; includeInIndex = 0; path = SuperbWeather.app; sourceTree = BUILT_PRODUCTS_DIR; };
		3FE7C9BA24BE679C0016BD08 /* AppDelegate.swift */ = {isa = PBXFileReference; lastKnownFileType = sourcecode.swift; path = AppDelegate.swift; sourceTree = "<group>"; };
		3FE7C9BC24BE679C0016BD08 /* SceneDelegate.swift */ = {isa = PBXFileReference; lastKnownFileType = sourcecode.swift; path = SceneDelegate.swift; sourceTree = "<group>"; };
		3FE7C9BE24BE679C0016BD08 /* ListViewController.swift */ = {isa = PBXFileReference; lastKnownFileType = sourcecode.swift; path = ListViewController.swift; sourceTree = "<group>"; };
		3FE7C9C124BE679C0016BD08 /* Base */ = {isa = PBXFileReference; lastKnownFileType = file.storyboard; name = Base; path = Base.lproj/Main.storyboard; sourceTree = "<group>"; };
		3FE7C9C324BE679E0016BD08 /* Assets.xcassets */ = {isa = PBXFileReference; lastKnownFileType = folder.assetcatalog; path = Assets.xcassets; sourceTree = "<group>"; };
		3FE7C9C624BE679E0016BD08 /* Base */ = {isa = PBXFileReference; lastKnownFileType = file.storyboard; name = Base; path = Base.lproj/LaunchScreen.storyboard; sourceTree = "<group>"; };
		3FE7C9C824BE679E0016BD08 /* Info.plist */ = {isa = PBXFileReference; lastKnownFileType = text.plist.xml; path = Info.plist; sourceTree = "<group>"; };
		3FE7C9CE24BE6B440016BD08 /* City.swift */ = {isa = PBXFileReference; lastKnownFileType = sourcecode.swift; path = City.swift; sourceTree = "<group>"; };
		3FE7C9D024BE6BA40016BD08 /* ListViewModel.swift */ = {isa = PBXFileReference; lastKnownFileType = sourcecode.swift; path = ListViewModel.swift; sourceTree = "<group>"; };
		3FE7C9D224BE6FC90016BD08 /* CitiesResponse.swift */ = {isa = PBXFileReference; lastKnownFileType = sourcecode.swift; path = CitiesResponse.swift; sourceTree = "<group>"; };
		3FE7C9D624BE9B480016BD08 /* CityViewController.swift */ = {isa = PBXFileReference; lastKnownFileType = sourcecode.swift; path = CityViewController.swift; sourceTree = "<group>"; };
/* End PBXFileReference section */

/* Begin PBXFrameworksBuildPhase section */
		3FE7C9B424BE679C0016BD08 /* Frameworks */ = {
			isa = PBXFrameworksBuildPhase;
			buildActionMask = 2147483647;
			files = (
			);
			runOnlyForDeploymentPostprocessing = 0;
		};
/* End PBXFrameworksBuildPhase section */

/* Begin PBXGroup section */
		3FE7C9AE24BE679C0016BD08 = {
			isa = PBXGroup;
			children = (
				3FE7C9B924BE679C0016BD08 /* SuperbWeather */,
				3FE7C9B824BE679C0016BD08 /* Products */,
			);
			sourceTree = "<group>";
		};
		3FE7C9B824BE679C0016BD08 /* Products */ = {
			isa = PBXGroup;
			children = (
				3FE7C9B724BE679C0016BD08 /* SuperbWeather.app */,
			);
			name = Products;
			sourceTree = "<group>";
		};
		3FE7C9B924BE679C0016BD08 /* SuperbWeather */ = {
			isa = PBXGroup;
			children = (
				3FE7C9BA24BE679C0016BD08 /* AppDelegate.swift */,
				3FE7C9BC24BE679C0016BD08 /* SceneDelegate.swift */,
				3FE7C9BE24BE679C0016BD08 /* ListViewController.swift */,
				3FE7C9CE24BE6B440016BD08 /* City.swift */,
				3FE7C9D224BE6FC90016BD08 /* CitiesResponse.swift */,
				3FE7C9C024BE679C0016BD08 /* Main.storyboard */,
				3FE7C9C324BE679E0016BD08 /* Assets.xcassets */,
				3FE7C9C524BE679E0016BD08 /* LaunchScreen.storyboard */,
				3FE7C9C824BE679E0016BD08 /* Info.plist */,
				3FE7C9D024BE6BA40016BD08 /* ListViewModel.swift */,
				3FE7C9D624BE9B480016BD08 /* CityViewController.swift */,
			);
			path = SuperbWeather;
			sourceTree = "<group>";
		};
/* End PBXGroup section */

/* Begin PBXNativeTarget section */
		3FE7C9B624BE679C0016BD08 /* SuperbWeather */ = {
			isa = PBXNativeTarget;
			buildConfigurationList = 3FE7C9CB24BE679E0016BD08 /* Build configuration list for PBXNativeTarget "SuperbWeather" */;
			buildPhases = (
				3FE7C9B324BE679C0016BD08 /* Sources */,
				3FE7C9B424BE679C0016BD08 /* Frameworks */,
				3FE7C9B524BE679C0016BD08 /* Resources */,
			);
			buildRules = (
			);
			dependencies = (
			);
			name = SuperbWeather;
			productName = SuperbWeather;
			productReference = 3FE7C9B724BE679C0016BD08 /* SuperbWeather.app */;
			productType = "com.apple.product-type.application";
		};
/* End PBXNativeTarget section */

/* Begin PBXProject section */
		3FE7C9AF24BE679C0016BD08 /* Project object */ = {
			isa = PBXProject;
			attributes = {
				LastSwiftUpdateCheck = 1150;
				LastUpgradeCheck = 1150;
				ORGANIZATIONNAME = "Joao Paulo Aquino";
				TargetAttributes = {
					3FE7C9B624BE679C0016BD08 = {
						CreatedOnToolsVersion = 11.5;
					};
				};
			};
			buildConfigurationList = 3FE7C9B224BE679C0016BD08 /* Build configuration list for PBXProject "SuperbWeather" */;
			compatibilityVersion = "Xcode 9.3";
			developmentRegion = en;
			hasScannedForEncodings = 0;
			knownRegions = (
				en,
				Base,
			);
			mainGroup = 3FE7C9AE24BE679C0016BD08;
			productRefGroup = 3FE7C9B824BE679C0016BD08 /* Products */;
			projectDirPath = "";
			projectRoot = "";
			targets = (
				3FE7C9B624BE679C0016BD08 /* SuperbWeather */,
			);
		};
/* End PBXProject section */

/* Begin PBXResourcesBuildPhase section */
		3FE7C9B524BE679C0016BD08 /* Resources */ = {
			isa = PBXResourcesBuildPhase;
			buildActionMask = 2147483647;
			files = (
				3FE7C9C724BE679E0016BD08 /* LaunchScreen.storyboard in Resources */,
				3FE7C9C424BE679E0016BD08 /* Assets.xcassets in Resources */,
				3FE7C9C224BE679C0016BD08 /* Main.storyboard in Resources */,
			);
			runOnlyForDeploymentPostprocessing = 0;
		};
/* End PBXResourcesBuildPhase section */

/* Begin PBXSourcesBuildPhase section */
		3FE7C9B324BE679C0016BD08 /* Sources */ = {
			isa = PBXSourcesBuildPhase;
			buildActionMask = 2147483647;
			files = (
				3FE7C9D124BE6BA40016BD08 /* ListViewModel.swift in Sources */,
				3FE7C9BF24BE679C0016BD08 /* ListViewController.swift in Sources */,
				3FE7C9BB24BE679C0016BD08 /* AppDelegate.swift in Sources */,
				3FE7C9D324BE6FC90016BD08 /* CitiesResponse.swift in Sources */,
				3FE7C9CF24BE6B440016BD08 /* City.swift in Sources */,
				3FE7C9BD24BE679C0016BD08 /* SceneDelegate.swift in Sources */,
				3FE7C9D724BE9B480016BD08 /* CityViewController.swift in Sources */,
			);
			runOnlyForDeploymentPostprocessing = 0;
		};
/* End PBXSourcesBuildPhase section */

/* Begin PBXVariantGroup section */
		3FE7C9C024BE679C0016BD08 /* Main.storyboard */ = {
			isa = PBXVariantGroup;
			children = (
				3FE7C9C124BE679C0016BD08 /* Base */,
			);
			name = Main.storyboard;
			sourceTree = "<group>";
		};
		3FE7C9C524BE679E0016BD08 /* LaunchScreen.storyboard */ = {
			isa = PBXVariantGroup;
			children = (
				3FE7C9C624BE679E0016BD08 /* Base */,
			);
			name = LaunchScreen.storyboard;
			sourceTree = "<group>";
		};
/* End PBXVariantGroup section */

/* Begin XCBuildConfiguration section */
		3FE7C9C924BE679E0016BD08 /* Debug */ = {
			isa = XCBuildConfiguration;
			buildSettings = {
				ALWAYS_SEARCH_USER_PATHS = NO;
				CLANG_ANALYZER_NONNULL = YES;
				CLANG_ANALYZER_NUMBER_OBJECT_CONVERSION = YES_AGGRESSIVE;
				CLANG_CXX_LANGUAGE_STANDARD = "gnu++14";
				CLANG_CXX_LIBRARY = "libc++";
				CLANG_ENABLE_MODULES = YES;
				CLANG_ENABLE_OBJC_ARC = YES;
				CLANG_ENABLE_OBJC_WEAK = YES;
				CLANG_WARN_BLOCK_CAPTURE_AUTORELEASING = YES;
				CLANG_WARN_BOOL_CONVERSION = YES;
				CLANG_WARN_COMMA = YES;
				CLANG_WARN_CONSTANT_CONVERSION = YES;
				CLANG_WARN_DEPRECATED_OBJC_IMPLEMENTATIONS = YES;
				CLANG_WARN_DIRECT_OBJC_ISA_USAGE = YES_ERROR;
				CLANG_WARN_DOCUMENTATION_COMMENTS = YES;
				CLANG_WARN_EMPTY_BODY = YES;
				CLANG_WARN_ENUM_CONVERSION = YES;
				CLANG_WARN_INFINITE_RECURSION = YES;
				CLANG_WARN_INT_CONVERSION = YES;
				CLANG_WARN_NON_LITERAL_NULL_CONVERSION = YES;
				CLANG_WARN_OBJC_IMPLICIT_RETAIN_SELF = YES;
				CLANG_WARN_OBJC_LITERAL_CONVERSION = YES;
				CLANG_WARN_OBJC_ROOT_CLASS = YES_ERROR;
				CLANG_WARN_RANGE_LOOP_ANALYSIS = YES;
				CLANG_WARN_STRICT_PROTOTYPES = YES;
				CLANG_WARN_SUSPICIOUS_MOVE = YES;
				CLANG_WARN_UNGUARDED_AVAILABILITY = YES_AGGRESSIVE;
				CLANG_WARN_UNREACHABLE_CODE = YES;
				CLANG_WARN__DUPLICATE_METHOD_MATCH = YES;
				COPY_PHASE_STRIP = NO;
				DEBUG_INFORMATION_FORMAT = dwarf;
				ENABLE_STRICT_OBJC_MSGSEND = YES;
				ENABLE_TESTABILITY = YES;
				GCC_C_LANGUAGE_STANDARD = gnu11;
				GCC_DYNAMIC_NO_PIC = NO;
				GCC_NO_COMMON_BLOCKS = YES;
				GCC_OPTIMIZATION_LEVEL = 0;
				GCC_PREPROCESSOR_DEFINITIONS = (
					"DEBUG=1",
					"$(inherited)",
				);
				GCC_WARN_64_TO_32_BIT_CONVERSION = YES;
				GCC_WARN_ABOUT_RETURN_TYPE = YES_ERROR;
				GCC_WARN_UNDECLARED_SELECTOR = YES;
				GCC_WARN_UNINITIALIZED_AUTOS = YES_AGGRESSIVE;
				GCC_WARN_UNUSED_FUNCTION = YES;
				GCC_WARN_UNUSED_VARIABLE = YES;
				IPHONEOS_DEPLOYMENT_TARGET = 13.5;
				MTL_ENABLE_DEBUG_INFO = INCLUDE_SOURCE;
				MTL_FAST_MATH = YES;
				ONLY_ACTIVE_ARCH = YES;
				SDKROOT = iphoneos;
				SWIFT_ACTIVE_COMPILATION_CONDITIONS = DEBUG;
				SWIFT_OPTIMIZATION_LEVEL = "-Onone";
			};
			name = Debug;
		};
		3FE7C9CA24BE679E0016BD08 /* Release */ = {
			isa = XCBuildConfiguration;
			buildSettings = {
				ALWAYS_SEARCH_USER_PATHS = NO;
				CLANG_ANALYZER_NONNULL = YES;
				CLANG_ANALYZER_NUMBER_OBJECT_CONVERSION = YES_AGGRESSIVE;
				CLANG_CXX_LANGUAGE_STANDARD = "gnu++14";
				CLANG_CXX_LIBRARY = "libc++";
				CLANG_ENABLE_MODULES = YES;
				CLANG_ENABLE_OBJC_ARC = YES;
				CLANG_ENABLE_OBJC_WEAK = YES;
				CLANG_WARN_BLOCK_CAPTURE_AUTORELEASING = YES;
				CLANG_WARN_BOOL_CONVERSION = YES;
				CLANG_WARN_COMMA = YES;
				CLANG_WARN_CONSTANT_CONVERSION = YES;
				CLANG_WARN_DEPRECATED_OBJC_IMPLEMENTATIONS = YES;
				CLANG_WARN_DIRECT_OBJC_ISA_USAGE = YES_ERROR;
				CLANG_WARN_DOCUMENTATION_COMMENTS = YES;
				CLANG_WARN_EMPTY_BODY = YES;
				CLANG_WARN_ENUM_CONVERSION = YES;
				CLANG_WARN_INFINITE_RECURSION = YES;
				CLANG_WARN_INT_CONVERSION = YES;
				CLANG_WARN_NON_LITERAL_NULL_CONVERSION = YES;
				CLANG_WARN_OBJC_IMPLICIT_RETAIN_SELF = YES;
				CLANG_WARN_OBJC_LITERAL_CONVERSION = YES;
				CLANG_WARN_OBJC_ROOT_CLASS = YES_ERROR;
				CLANG_WARN_RANGE_LOOP_ANALYSIS = YES;
				CLANG_WARN_STRICT_PROTOTYPES = YES;
				CLANG_WARN_SUSPICIOUS_MOVE = YES;
				CLANG_WARN_UNGUARDED_AVAILABILITY = YES_AGGRESSIVE;
				CLANG_WARN_UNREACHABLE_CODE = YES;
				CLANG_WARN__DUPLICATE_METHOD_MATCH = YES;
				COPY_PHASE_STRIP = NO;
				DEBUG_INFORMATION_FORMAT = "dwarf-with-dsym";
				ENABLE_NS_ASSERTIONS = NO;
				ENABLE_STRICT_OBJC_MSGSEND = YES;
				GCC_C_LANGUAGE_STANDARD = gnu11;
				GCC_NO_COMMON_BLOCKS = YES;
				GCC_WARN_64_TO_32_BIT_CONVERSION = YES;
				GCC_WARN_ABOUT_RETURN_TYPE = YES_ERROR;
				GCC_WARN_UNDECLARED_SELECTOR = YES;
				GCC_WARN_UNINITIALIZED_AUTOS = YES_AGGRESSIVE;
				GCC_WARN_UNUSED_FUNCTION = YES;
				GCC_WARN_UNUSED_VARIABLE = YES;
				IPHONEOS_DEPLOYMENT_TARGET = 13.5;
				MTL_ENABLE_DEBUG_INFO = NO;
				MTL_FAST_MATH = YES;
				SDKROOT = iphoneos;
				SWIFT_COMPILATION_MODE = wholemodule;
				SWIFT_OPTIMIZATION_LEVEL = "-O";
				VALIDATE_PRODUCT = YES;
			};
			name = Release;
		};
		3FE7C9CC24BE679E0016BD08 /* Debug */ = {
			isa = XCBuildConfiguration;
			buildSettings = {
				ASSETCATALOG_COMPILER_APPICON_NAME = AppIcon;
				CODE_SIGN_STYLE = Automatic;
				DEVELOPMENT_TEAM = TN75WULY37;
				INFOPLIST_FILE = SuperbWeather/Info.plist;
				IPHONEOS_DEPLOYMENT_TARGET = 13.0;
				LD_RUNPATH_SEARCH_PATHS = (
					"$(inherited)",
					"@executable_path/Frameworks",
				);
				PRODUCT_BUNDLE_IDENTIFIER = com.goapps.SuperbWeather;
				PRODUCT_NAME = "$(TARGET_NAME)";
				SWIFT_VERSION = 5.0;
				TARGETED_DEVICE_FAMILY = 1;
			};
			name = Debug;
		};
		3FE7C9CD24BE679E0016BD08 /* Release */ = {
			isa = XCBuildConfiguration;
			buildSettings = {
				ASSETCATALOG_COMPILER_APPICON_NAME = AppIcon;
				CODE_SIGN_STYLE = Automatic;
				DEVELOPMENT_TEAM = TN75WULY37;
				INFOPLIST_FILE = SuperbWeather/Info.plist;
				IPHONEOS_DEPLOYMENT_TARGET = 13.0;
				LD_RUNPATH_SEARCH_PATHS = (
					"$(inherited)",
					"@executable_path/Frameworks",
				);
				PRODUCT_BUNDLE_IDENTIFIER = com.goapps.SuperbWeather;
				PRODUCT_NAME = "$(TARGET_NAME)";
				SWIFT_VERSION = 5.0;
				TARGETED_DEVICE_FAMILY = 1;
			};
			name = Release;
		};
/* End XCBuildConfiguration section */

/* Begin XCConfigurationList section */
		3FE7C9B224BE679C0016BD08 /* Build configuration list for PBXProject "SuperbWeather" */ = {
			isa = XCConfigurationList;
			buildConfigurations = (
				3FE7C9C924BE679E0016BD08 /* Debug */,
				3FE7C9CA24BE679E0016BD08 /* Release */,
			);
			defaultConfigurationIsVisible = 0;
			defaultConfigurationName = Release;
		};
		3FE7C9CB24BE679E0016BD08 /* Build configuration list for PBXNativeTarget "SuperbWeather" */ = {
			isa = XCConfigurationList;
			buildConfigurations = (
				3FE7C9CC24BE679E0016BD08 /* Debug */,
				3FE7C9CD24BE679E0016BD08 /* Release */,
			);
			defaultConfigurationIsVisible = 0;
			defaultConfigurationName = Release;
		};
/* End XCConfigurationList section */
	};
	rootObject = 3FE7C9AF24BE679C0016BD08 /* Project object */;
}
